
Microsoft Visual Studio Solution File, Format Version 12.00
# Visual Studio Version 17
VisualStudioVersion = 17.14.36429.23 d17.14
MinimumVisualStudioVersion = 10.0.40219.1
Project("{FAE04EC0-301F-11D3-BF4B-00C04F79EFBC}") = "SimulacroExamen", "SimulacroExamen.csproj", "{7FEF7EF3-47E9-458D-BCAA-BC066E0FDB73}"
EndProject
Global
	GlobalSection(SolutionConfigurationPlatforms) = preSolution
		Debug|Any CPU = Debug|Any CPU
		Release|Any CPU = Release|Any CPU
	EndGlobalSection
	GlobalSection(ProjectConfigurationPlatforms) = postSolution
		{7FEF7EF3-47E9-458D-BCAA-BC066E0FDB73}.Debug|Any CPU.ActiveCfg = Debug|Any CPU
		{7FEF7EF3-47E9-458D-BCAA-BC066E0FDB73}.Debug|Any CPU.Build.0 = Debug|Any CPU
		{7FEF7EF3-47E9-458D-BCAA-BC066E0FDB73}.Release|Any CPU.ActiveCfg = Release|Any CPU
		{7FEF7EF3-47E9-458D-BCAA-BC066E0FDB73}.Release|Any CPU.Build.0 = Release|Any CPU
	EndGlobalSection
	GlobalSection(SolutionProperties) = preSolution
		HideSolutionNode = FALSE
	EndGlobalSection
	GlobalSection(ExtensibilityGlobals) = postSolution
		SolutionGuid = {48D17B39-2ED6-49B7-A82C-ABE427F285A4}
	EndGlobalSection
EndGlobal
