
Microsoft Visual Studio Solution File, Format Version 12.00
# Visual Studio Version 17
VisualStudioVersion = 17.14.36429.23 d17.14
MinimumVisualStudioVersion = 10.0.40219.1
Project("{FAE04EC0-301F-11D3-BF4B-00C04F79EFBC}") = "PlantillaElementosExamen", "PlantillaElementosExamen.csproj", "{20F6E0AE-FD2A-42DC-8AE0-2CAE5CB4F276}"
EndProject
Global
	GlobalSection(SolutionConfigurationPlatforms) = preSolution
		Debug|Any CPU = Debug|Any CPU
		Release|Any CPU = Release|Any CPU
	EndGlobalSection
	GlobalSection(ProjectConfigurationPlatforms) = postSolution
		{20F6E0AE-FD2A-42DC-8AE0-2CAE5CB4F276}.Debug|Any CPU.ActiveCfg = Debug|Any CPU
		{20F6E0AE-FD2A-42DC-8AE0-2CAE5CB4F276}.Debug|Any CPU.Build.0 = Debug|Any CPU
		{20F6E0AE-FD2A-42DC-8AE0-2CAE5CB4F276}.Release|Any CPU.ActiveCfg = Release|Any CPU
		{20F6E0AE-FD2A-42DC-8AE0-2CAE5CB4F276}.Release|Any CPU.Build.0 = Release|Any CPU
	EndGlobalSection
	GlobalSection(SolutionProperties) = preSolution
		HideSolutionNode = FALSE
	EndGlobalSection
	GlobalSection(ExtensibilityGlobals) = postSolution
		SolutionGuid = {8B8B585A-D745-4316-87F1-C4DBD09BE142}
	EndGlobalSection
EndGlobal
