
Microsoft Visual Studio Solution File, Format Version 12.00
# Visual Studio Version 17
VisualStudioVersion = 17.14.36429.23 d17.14
MinimumVisualStudioVersion = 10.0.40219.1
Project("{FAE04EC0-301F-11D3-BF4B-00C04F79EFBC}") = "PruebasElementosDinamicos", "PruebasElementosDinamicos.csproj", "{95F55ADF-9C0B-419C-9440-2BBE7BE7869C}"
EndProject
Global
	GlobalSection(SolutionConfigurationPlatforms) = preSolution
		Debug|Any CPU = Debug|Any CPU
		Release|Any CPU = Release|Any CPU
	EndGlobalSection
	GlobalSection(ProjectConfigurationPlatforms) = postSolution
		{95F55ADF-9C0B-419C-9440-2BBE7BE7869C}.Debug|Any CPU.ActiveCfg = Debug|Any CPU
		{95F55ADF-9C0B-419C-9440-2BBE7BE7869C}.Debug|Any CPU.Build.0 = Debug|Any CPU
		{95F55ADF-9C0B-419C-9440-2BBE7BE7869C}.Release|Any CPU.ActiveCfg = Release|Any CPU
		{95F55ADF-9C0B-419C-9440-2BBE7BE7869C}.Release|Any CPU.Build.0 = Release|Any CPU
	EndGlobalSection
	GlobalSection(SolutionProperties) = preSolution
		HideSolutionNode = FALSE
	EndGlobalSection
	GlobalSection(ExtensibilityGlobals) = postSolution
		SolutionGuid = {A0706A04-344C-4F6F-A5E3-F75091B430A9}
	EndGlobalSection
EndGlobal
