
Microsoft Visual Studio Solution File, Format Version 12.00
# Visual Studio Version 17
VisualStudioVersion = 17.14.36429.23 d17.14
MinimumVisualStudioVersion = 10.0.40219.1
Project("{FAE04EC0-301F-11D3-BF4B-00C04F79EFBC}") = "Biblioteca", "Biblioteca.csproj", "{9E21A859-66A7-441A-834E-EDEF6EBF01EB}"
EndProject
Global
	GlobalSection(SolutionConfigurationPlatforms) = preSolution
		Debug|Any CPU = Debug|Any CPU
		Release|Any CPU = Release|Any CPU
	EndGlobalSection
	GlobalSection(ProjectConfigurationPlatforms) = postSolution
		{9E21A859-66A7-441A-834E-EDEF6EBF01EB}.Debug|Any CPU.ActiveCfg = Debug|Any CPU
		{9E21A859-66A7-441A-834E-EDEF6EBF01EB}.Debug|Any CPU.Build.0 = Debug|Any CPU
		{9E21A859-66A7-441A-834E-EDEF6EBF01EB}.Release|Any CPU.ActiveCfg = Release|Any CPU
		{9E21A859-66A7-441A-834E-EDEF6EBF01EB}.Release|Any CPU.Build.0 = Release|Any CPU
	EndGlobalSection
	GlobalSection(SolutionProperties) = preSolution
		HideSolutionNode = FALSE
	EndGlobalSection
	GlobalSection(ExtensibilityGlobals) = postSolution
		SolutionGuid = {9B1A70CB-375A-4835-80C8-D977E6457D0D}
	EndGlobalSection
EndGlobal
