
Microsoft Visual Studio Solution File, Format Version 12.00
# Visual Studio Version 17
VisualStudioVersion = 17.14.36429.23 d17.14
MinimumVisualStudioVersion = 10.0.40219.1
Project("{FAE04EC0-301F-11D3-BF4B-00C04F79EFBC}") = "Trivial", "Trivial.csproj", "{ADC4F449-C453-429A-BCDA-49FA319AD041}"
EndProject
Global
	GlobalSection(SolutionConfigurationPlatforms) = preSolution
		Debug|Any CPU = Debug|Any CPU
		Release|Any CPU = Release|Any CPU
	EndGlobalSection
	GlobalSection(ProjectConfigurationPlatforms) = postSolution
		{ADC4F449-C453-429A-BCDA-49FA319AD041}.Debug|Any CPU.ActiveCfg = Debug|Any CPU
		{ADC4F449-C453-429A-BCDA-49FA319AD041}.Debug|Any CPU.Build.0 = Debug|Any CPU
		{ADC4F449-C453-429A-BCDA-49FA319AD041}.Release|Any CPU.ActiveCfg = Release|Any CPU
		{ADC4F449-C453-429A-BCDA-49FA319AD041}.Release|Any CPU.Build.0 = Release|Any CPU
	EndGlobalSection
	GlobalSection(SolutionProperties) = preSolution
		HideSolutionNode = FALSE
	EndGlobalSection
	GlobalSection(ExtensibilityGlobals) = postSolution
		SolutionGuid = {51056677-CD00-45B6-856C-F82B4906AC7D}
	EndGlobalSection
EndGlobal
