
Microsoft Visual Studio Solution File, Format Version 12.00
# Visual Studio Version 17
VisualStudioVersion = 17.14.36429.23 d17.14
MinimumVisualStudioVersion = 10.0.40219.1
Project("{FAE04EC0-301F-11D3-BF4B-00C04F79EFBC}") = "NotasRapidas", "NotasRapidas.csproj", "{4FFA3C42-310C-43AC-9055-5CDC87BDDDA3}"
EndProject
Global
	GlobalSection(SolutionConfigurationPlatforms) = preSolution
		Debug|Any CPU = Debug|Any CPU
		Release|Any CPU = Release|Any CPU
	EndGlobalSection
	GlobalSection(ProjectConfigurationPlatforms) = postSolution
		{4FFA3C42-310C-43AC-9055-5CDC87BDDDA3}.Debug|Any CPU.ActiveCfg = Debug|Any CPU
		{4FFA3C42-310C-43AC-9055-5CDC87BDDDA3}.Debug|Any CPU.Build.0 = Debug|Any CPU
		{4FFA3C42-310C-43AC-9055-5CDC87BDDDA3}.Release|Any CPU.ActiveCfg = Release|Any CPU
		{4FFA3C42-310C-43AC-9055-5CDC87BDDDA3}.Release|Any CPU.Build.0 = Release|Any CPU
	EndGlobalSection
	GlobalSection(SolutionProperties) = preSolution
		HideSolutionNode = FALSE
	EndGlobalSection
	GlobalSection(ExtensibilityGlobals) = postSolution
		SolutionGuid = {02B18834-8CC1-433A-A841-E8C5E7C19954}
	EndGlobalSection
EndGlobal
